// !$*UTF8*$!
{
	archiveVersion = 1;
	classes = {
	};
	objectVersion = 46;
	objects = {

/* Begin PBXBuildFile section */
		63F233711A0CAB9200DD5450 /* AppDelegate.swift in Sources */ = {isa = PBXBuildFile; fileRef = 63F233701A0CAB9200DD5450 /* AppDelegate.swift */; };
		63F233731A0CAB9200DD5450 /* GameScene.sks in Resources */ = {isa = PBXBuildFile; fileRef = 63F233721A0CAB9200DD5450 /* GameScene.sks */; };
		63F233751A0CAB9200DD5450 /* GameScene.swift in Sources */ = {isa = PBXBuildFile; fileRef = 63F233741A0CAB9200DD5450 /* GameScene.swift */; };
		63F233771A0CAB9200DD5450 /* GameViewController.swift in Sources */ = {isa = PBXBuildFile; fileRef = 63F233761A0CAB9200DD5450 /* GameViewController.swift */; };
		63F2337A1A0CAB9200DD5450 /* Main.storyboard in Resources */ = {isa = PBXBuildFile; fileRef = 63F233781A0CAB9200DD5450 /* Main.storyboard */; };
		63F2337C1A0CAB9200DD5450 /* Images.xcassets in Resources */ = {isa = PBXBuildFile; fileRef = 63F2337B1A0CAB9200DD5450 /* Images.xcassets */; };
		63F2337F1A0CAB9200DD5450 /* LaunchScreen.xib in Resources */ = {isa = PBXBuildFile; fileRef = 63F2337D1A0CAB9200DD5450 /* LaunchScreen.xib */; };
		63F2338B1A0CAB9200DD5450 /* Alien_RunnerTests.swift in Sources */ = {isa = PBXBuildFile; fileRef = 63F2338A1A0CAB9200DD5450 /* Alien_RunnerTests.swift */; };
		63F233971A0CE73000DD5450 /* LFCGzipUtility.m in Sources */ = {isa = PBXBuildFile; fileRef = 63F233961A0CE73000DD5450 /* LFCGzipUtility.m */; };
		63F2339A1A0CE75900DD5450 /* JSTileMap.m in Sources */ = {isa = PBXBuildFile; fileRef = 63F233991A0CE75900DD5450 /* JSTileMap.m */; };
		63F2339C1A0CE7D000DD5450 /* libz.dylib in Frameworks */ = {isa = PBXBuildFile; fileRef = 63F2339B1A0CE7D000DD5450 /* libz.dylib */; };
		63F233A31A0CE8F500DD5450 /* Level1.tmx in Resources */ = {isa = PBXBuildFile; fileRef = 63F2339E1A0CE8F500DD5450 /* Level1.tmx */; };
		63F233A41A0CE8F500DD5450 /* Level2.tmx in Resources */ = {isa = PBXBuildFile; fileRef = 63F2339F1A0CE8F500DD5450 /* Level2.tmx */; };
		63F233A51A0CE8F500DD5450 /* Level3.tmx in Resources */ = {isa = PBXBuildFile; fileRef = 63F233A01A0CE8F500DD5450 /* Level3.tmx */; };
		63F233A61A0CE8F500DD5450 /* Tileset.png in Resources */ = {isa = PBXBuildFile; fileRef = 63F233A11A0CE8F500DD5450 /* Tileset.png */; };
		63F233A71A0CE8F500DD5450 /* Tileset@2x.png in Resources */ = {isa = PBXBuildFile; fileRef = 63F233A21A0CE8F500DD5450 /* Tileset@2x.png */; };
		63F233A91A0CE91800DD5450 /* Graphics.atlas in Resources */ = {isa = PBXBuildFile; fileRef = 63F233A81A0CE91800DD5450 /* Graphics.atlas */; };
		63F233AC1A0CE9B400DD5450 /* SoundManager.m in Sources */ = {isa = PBXBuildFile; fileRef = 63F233AB1A0CE9B400DD5450 /* SoundManager.m */; };
/* End PBXBuildFile section */

/* Begin PBXContainerItemProxy section */
		63F233851A0CAB9200DD5450 /* PBXContainerItemProxy */ = {
			isa = PBXContainerItemProxy;
			containerPortal = 63F233631A0CAB9200DD5450 /* Project object */;
			proxyType = 1;
			remoteGlobalIDString = 63F2336A1A0CAB9200DD5450;
			remoteInfo = "Alien Runner";
		};
/* End PBXContainerItemProxy section */

/* Begin PBXFileReference section */
		63F2336B1A0CAB9200DD5450 /* Alien Runner.app */ = {isa = PBXFileReference; explicitFileType = wrapper.application; includeInIndex = 0; path = "Alien Runner.app"; sourceTree = BUILT_PRODUCTS_DIR; };
		63F2336F1A0CAB9200DD5450 /* Info.plist */ = {isa = PBXFileReference; lastKnownFileType = text.plist.xml; path = Info.plist; sourceTree = "<group>"; };
		63F233701A0CAB9200DD5450 /* AppDelegate.swift */ = {isa = PBXFileReference; lastKnownFileType = sourcecode.swift; path = AppDelegate.swift; sourceTree = "<group>"; };
		63F233721A0CAB9200DD5450 /* GameScene.sks */ = {isa = PBXFileReference; lastKnownFileType = file.sks; path = GameScene.sks; sourceTree = "<group>"; };
		63F233741A0CAB9200DD5450 /* GameScene.swift */ = {isa = PBXFileReference; lastKnownFileType = sourcecode.swift; path = GameScene.swift; sourceTree = "<group>"; };
		63F233761A0CAB9200DD5450 /* GameViewController.swift */ = {isa = PBXFileReference; lastKnownFileType = sourcecode.swift; path = GameViewController.swift; sourceTree = "<group>"; };
		63F233791A0CAB9200DD5450 /* Base */ = {isa = PBXFileReference; lastKnownFileType = file.storyboard; name = Base; path = Base.lproj/Main.storyboard; sourceTree = "<group>"; };
		63F2337B1A0CAB9200DD5450 /* Images.xcassets */ = {isa = PBXFileReference; lastKnownFileType = folder.assetcatalog; path = Images.xcassets; sourceTree = "<group>"; };
		63F2337E1A0CAB9200DD5450 /* Base */ = {isa = PBXFileReference; lastKnownFileType = file.xib; name = Base; path = Base.lproj/LaunchScreen.xib; sourceTree = "<group>"; };
		63F233841A0CAB9200DD5450 /* Alien RunnerTests.xctest */ = {isa = PBXFileReference; explicitFileType = wrapper.cfbundle; includeInIndex = 0; path = "Alien RunnerTests.xctest"; sourceTree = BUILT_PRODUCTS_DIR; };
		63F233891A0CAB9200DD5450 /* Info.plist */ = {isa = PBXFileReference; lastKnownFileType = text.plist.xml; path = Info.plist; sourceTree = "<group>"; };
		63F2338A1A0CAB9200DD5450 /* Alien_RunnerTests.swift */ = {isa = PBXFileReference; lastKnownFileType = sourcecode.swift; path = Alien_RunnerTests.swift; sourceTree = "<group>"; };
		63F233941A0CE73000DD5450 /* Alien Runner-Bridging-Header.h */ = {isa = PBXFileReference; lastKnownFileType = sourcecode.c.h; path = "Alien Runner-Bridging-Header.h"; sourceTree = "<group>"; };
		63F233951A0CE73000DD5450 /* LFCGzipUtility.h */ = {isa = PBXFileReference; fileEncoding = 4; lastKnownFileType = sourcecode.c.h; path = LFCGzipUtility.h; sourceTree = "<group>"; };
		63F233961A0CE73000DD5450 /* LFCGzipUtility.m */ = {isa = PBXFileReference; fileEncoding = 4; lastKnownFileType = sourcecode.c.objc; path = LFCGzipUtility.m; sourceTree = "<group>"; };
		63F233981A0CE75900DD5450 /* JSTileMap.h */ = {isa = PBXFileReference; fileEncoding = 4; lastKnownFileType = sourcecode.c.h; path = JSTileMap.h; sourceTree = "<group>"; };
		63F233991A0CE75900DD5450 /* JSTileMap.m */ = {isa = PBXFileReference; fileEncoding = 4; lastKnownFileType = sourcecode.c.objc; path = JSTileMap.m; sourceTree = "<group>"; };
		63F2339B1A0CE7D000DD5450 /* libz.dylib */ = {isa = PBXFileReference; lastKnownFileType = "compiled.mach-o.dylib"; name = libz.dylib; path = usr/lib/libz.dylib; sourceTree = SDKROOT; };
		63F2339E1A0CE8F500DD5450 /* Level1.tmx */ = {isa = PBXFileReference; fileEncoding = 4; lastKnownFileType = text.xml; path = Level1.tmx; sourceTree = "<group>"; };
		63F2339F1A0CE8F500DD5450 /* Level2.tmx */ = {isa = PBXFileReference; fileEncoding = 4; lastKnownFileType = text.xml; path = Level2.tmx; sourceTree = "<group>"; };
		63F233A01A0CE8F500DD5450 /* Level3.tmx */ = {isa = PBXFileReference; fileEncoding = 4; lastKnownFileType = text.xml; path = Level3.tmx; sourceTree = "<group>"; };
		63F233A11A0CE8F500DD5450 /* Tileset.png */ = {isa = PBXFileReference; lastKnownFileType = image.png; path = Tileset.png; sourceTree = "<group>"; };
		63F233A21A0CE8F500DD5450 /* Tileset@2x.png */ = {isa = PBXFileReference; lastKnownFileType = image.png; path = "Tileset@2x.png"; sourceTree = "<group>"; };
		63F233A81A0CE91800DD5450 /* Graphics.atlas */ = {isa = PBXFileReference; lastKnownFileType = folder.skatlas; path = Graphics.atlas; sourceTree = "<group>"; };
		63F233AA1A0CE9B400DD5450 /* SoundManager.h */ = {isa = PBXFileReference; fileEncoding = 4; lastKnownFileType = sourcecode.c.h; path = SoundManager.h; sourceTree = "<group>"; };
		63F233AB1A0CE9B400DD5450 /* SoundManager.m */ = {isa = PBXFileReference; fileEncoding = 4; lastKnownFileType = sourcecode.c.objc; path = SoundManager.m; sourceTree = "<group>"; };
/* End PBXFileReference section */

/* Begin PBXFrameworksBuildPhase section */
		63F233681A0CAB9200DD5450 /* Frameworks */ = {
			isa = PBXFrameworksBuildPhase;
			buildActionMask = 2147483647;
			files = (
				63F2339C1A0CE7D000DD5450 /* libz.dylib in Frameworks */,
			);
			runOnlyForDeploymentPostprocessing = 0;
		};
		63F233811A0CAB9200DD5450 /* Frameworks */ = {
			isa = PBXFrameworksBuildPhase;
			buildActionMask = 2147483647;
			files = (
			);
			runOnlyForDeploymentPostprocessing = 0;
		};
/* End PBXFrameworksBuildPhase section */

/* Begin PBXGroup section */
		63F233621A0CAB9200DD5450 = {
			isa = PBXGroup;
			children = (
				63F2336D1A0CAB9200DD5450 /* Alien Runner */,
				63F233871A0CAB9200DD5450 /* Alien RunnerTests */,
				63F2336C1A0CAB9200DD5450 /* Products */,
			);
			sourceTree = "<group>";
		};
		63F2336C1A0CAB9200DD5450 /* Products */ = {
			isa = PBXGroup;
			children = (
				63F2336B1A0CAB9200DD5450 /* Alien Runner.app */,
				63F233841A0CAB9200DD5450 /* Alien RunnerTests.xctest */,
			);
			name = Products;
			sourceTree = "<group>";
		};
		63F2336D1A0CAB9200DD5450 /* Alien Runner */ = {
			isa = PBXGroup;
			children = (
				63F233AE1A0CEBF100DD5450 /* ThirdParty */,
				63F233701A0CAB9200DD5450 /* AppDelegate.swift */,
				63F233721A0CAB9200DD5450 /* GameScene.sks */,
				63F233A81A0CE91800DD5450 /* Graphics.atlas */,
				63F2339D1A0CE8F500DD5450 /* Maps */,
				63F233741A0CAB9200DD5450 /* GameScene.swift */,
				63F233761A0CAB9200DD5450 /* GameViewController.swift */,
				63F233781A0CAB9200DD5450 /* Main.storyboard */,
				63F2337B1A0CAB9200DD5450 /* Images.xcassets */,
				63F2337D1A0CAB9200DD5450 /* LaunchScreen.xib */,
				63F2336E1A0CAB9200DD5450 /* Supporting Files */,
			);
			path = "Alien Runner";
			sourceTree = "<group>";
		};
		63F2336E1A0CAB9200DD5450 /* Supporting Files */ = {
			isa = PBXGroup;
			children = (
				63F2339B1A0CE7D000DD5450 /* libz.dylib */,
				63F233941A0CE73000DD5450 /* Alien Runner-Bridging-Header.h */,
				63F2336F1A0CAB9200DD5450 /* Info.plist */,
			);
			name = "Supporting Files";
			sourceTree = "<group>";
		};
		63F233871A0CAB9200DD5450 /* Alien RunnerTests */ = {
			isa = PBXGroup;
			children = (
				63F2338A1A0CAB9200DD5450 /* Alien_RunnerTests.swift */,
				63F233881A0CAB9200DD5450 /* Supporting Files */,
			);
			path = "Alien RunnerTests";
			sourceTree = "<group>";
		};
		63F233881A0CAB9200DD5450 /* Supporting Files */ = {
			isa = PBXGroup;
			children = (
				63F233891A0CAB9200DD5450 /* Info.plist */,
			);
			name = "Supporting Files";
			sourceTree = "<group>";
		};
		63F2339D1A0CE8F500DD5450 /* Maps */ = {
			isa = PBXGroup;
			children = (
				63F2339E1A0CE8F500DD5450 /* Level1.tmx */,
				63F2339F1A0CE8F500DD5450 /* Level2.tmx */,
				63F233A01A0CE8F500DD5450 /* Level3.tmx */,
				63F233A11A0CE8F500DD5450 /* Tileset.png */,
				63F233A21A0CE8F500DD5450 /* Tileset@2x.png */,
			);
			path = Maps;
			sourceTree = "<group>";
		};
		63F233AE1A0CEBF100DD5450 /* ThirdParty */ = {
			isa = PBXGroup;
			children = (
				63F233AA1A0CE9B400DD5450 /* SoundManager.h */,
				63F233AB1A0CE9B400DD5450 /* SoundManager.m */,
				63F233981A0CE75900DD5450 /* JSTileMap.h */,
				63F233991A0CE75900DD5450 /* JSTileMap.m */,
				63F233951A0CE73000DD5450 /* LFCGzipUtility.h */,
				63F233961A0CE73000DD5450 /* LFCGzipUtility.m */,
			);
			name = ThirdParty;
			sourceTree = "<group>";
		};
/* End PBXGroup section */

/* Begin PBXNativeTarget section */
		63F2336A1A0CAB9200DD5450 /* Alien Runner */ = {
			isa = PBXNativeTarget;
			buildConfigurationList = 63F2338E1A0CAB9200DD5450 /* Build configuration list for PBXNativeTarget "Alien Runner" */;
			buildPhases = (
				63F233671A0CAB9200DD5450 /* Sources */,
				63F233681A0CAB9200DD5450 /* Frameworks */,
				63F233691A0CAB9200DD5450 /* Resources */,
			);
			buildRules = (
			);
			dependencies = (
			);
			name = "Alien Runner";
			productName = "Alien Runner";
			productReference = 63F2336B1A0CAB9200DD5450 /* Alien Runner.app */;
			productType = "com.apple.product-type.application";
		};
		63F233831A0CAB9200DD5450 /* Alien RunnerTests */ = {
			isa = PBXNativeTarget;
			buildConfigurationList = 63F233911A0CAB9200DD5450 /* Build configuration list for PBXNativeTarget "Alien RunnerTests" */;
			buildPhases = (
				63F233801A0CAB9200DD5450 /* Sources */,
				63F233811A0CAB9200DD5450 /* Frameworks */,
				63F233821A0CAB9200DD5450 /* Resources */,
			);
			buildRules = (
			);
			dependencies = (
				63F233861A0CAB9200DD5450 /* PBXTargetDependency */,
			);
			name = "Alien RunnerTests";
			productName = "Alien RunnerTests";
			productReference = 63F233841A0CAB9200DD5450 /* Alien RunnerTests.xctest */;
			productType = "com.apple.product-type.bundle.unit-test";
		};
/* End PBXNativeTarget section */

/* Begin PBXProject section */
		63F233631A0CAB9200DD5450 /* Project object */ = {
			isa = PBXProject;
			attributes = {
				LastUpgradeCheck = 0610;
				ORGANIZATIONNAME = "piri-piri";
				TargetAttributes = {
					63F2336A1A0CAB9200DD5450 = {
						CreatedOnToolsVersion = 6.1;
					};
					63F233831A0CAB9200DD5450 = {
						CreatedOnToolsVersion = 6.1;
						TestTargetID = 63F2336A1A0CAB9200DD5450;
					};
				};
			};
			buildConfigurationList = 63F233661A0CAB9200DD5450 /* Build configuration list for PBXProject "Alien Runner" */;
			compatibilityVersion = "Xcode 3.2";
			developmentRegion = English;
			hasScannedForEncodings = 0;
			knownRegions = (
				en,
				Base,
			);
			mainGroup = 63F233621A0CAB9200DD5450;
			productRefGroup = 63F2336C1A0CAB9200DD5450 /* Products */;
			projectDirPath = "";
			projectRoot = "";
			targets = (
				63F2336A1A0CAB9200DD5450 /* Alien Runner */,
				63F233831A0CAB9200DD5450 /* Alien RunnerTests */,
			);
		};
/* End PBXProject section */

/* Begin PBXResourcesBuildPhase section */
		63F233691A0CAB9200DD5450 /* Resources */ = {
			isa = PBXResourcesBuildPhase;
			buildActionMask = 2147483647;
			files = (
				63F233A61A0CE8F500DD5450 /* Tileset.png in Resources */,
				63F2337F1A0CAB9200DD5450 /* LaunchScreen.xib in Resources */,
				63F2337C1A0CAB9200DD5450 /* Images.xcassets in Resources */,
				63F233731A0CAB9200DD5450 /* GameScene.sks in Resources */,
				63F233A41A0CE8F500DD5450 /* Level2.tmx in Resources */,
				63F2337A1A0CAB9200DD5450 /* Main.storyboard in Resources */,
				63F233A91A0CE91800DD5450 /* Graphics.atlas in Resources */,
				63F233A51A0CE8F500DD5450 /* Level3.tmx in Resources */,
				63F233A71A0CE8F500DD5450 /* Tileset@2x.png in Resources */,
				63F233A31A0CE8F500DD5450 /* Level1.tmx in Resources */,
			);
			runOnlyForDeploymentPostprocessing = 0;
		};
		63F233821A0CAB9200DD5450 /* Resources */ = {
			isa = PBXResourcesBuildPhase;
			buildActionMask = 2147483647;
			files = (
			);
			runOnlyForDeploymentPostprocessing = 0;
		};
/* End PBXResourcesBuildPhase section */

/* Begin PBXSourcesBuildPhase section */
		63F233671A0CAB9200DD5450 /* Sources */ = {
			isa = PBXSourcesBuildPhase;
			buildActionMask = 2147483647;
			files = (
				63F233751A0CAB9200DD5450 /* GameScene.swift in Sources */,
				63F2339A1A0CE75900DD5450 /* JSTileMap.m in Sources */,
				63F233771A0CAB9200DD5450 /* GameViewController.swift in Sources */,
				63F233AC1A0CE9B400DD5450 /* SoundManager.m in Sources */,
				63F233971A0CE73000DD5450 /* LFCGzipUtility.m in Sources */,
				63F233711A0CAB9200DD5450 /* AppDelegate.swift in Sources */,
			);
			runOnlyForDeploymentPostprocessing = 0;
		};
		63F233801A0CAB9200DD5450 /* Sources */ = {
			isa = PBXSourcesBuildPhase;
			buildActionMask = 2147483647;
			files = (
				63F2338B1A0CAB9200DD5450 /* Alien_RunnerTests.swift in Sources */,
			);
			runOnlyForDeploymentPostprocessing = 0;
		};
/* End PBXSourcesBuildPhase section */

/* Begin PBXTargetDependency section */
		63F233861A0CAB9200DD5450 /* PBXTargetDependency */ = {
			isa = PBXTargetDependency;
			target = 63F2336A1A0CAB9200DD5450 /* Alien Runner */;
			targetProxy = 63F233851A0CAB9200DD5450 /* PBXContainerItemProxy */;
		};
/* End PBXTargetDependency section */

/* Begin PBXVariantGroup section */
		63F233781A0CAB9200DD5450 /* Main.storyboard */ = {
			isa = PBXVariantGroup;
			children = (
				63F233791A0CAB9200DD5450 /* Base */,
			);
			name = Main.storyboard;
			sourceTree = "<group>";
		};
		63F2337D1A0CAB9200DD5450 /* LaunchScreen.xib */ = {
			isa = PBXVariantGroup;
			children = (
				63F2337E1A0CAB9200DD5450 /* Base */,
			);
			name = LaunchScreen.xib;
			sourceTree = "<group>";
		};
/* End PBXVariantGroup section */

/* Begin XCBuildConfiguration section */
		63F2338C1A0CAB9200DD5450 /* Debug */ = {
			isa = XCBuildConfiguration;
			buildSettings = {
				ALWAYS_SEARCH_USER_PATHS = NO;
				CLANG_CXX_LANGUAGE_STANDARD = "gnu++0x";
				CLANG_CXX_LIBRARY = "libc++";
				CLANG_ENABLE_MODULES = YES;
				CLANG_ENABLE_OBJC_ARC = YES;
				CLANG_WARN_BOOL_CONVERSION = YES;
				CLANG_WARN_CONSTANT_CONVERSION = YES;
				CLANG_WARN_DIRECT_OBJC_ISA_USAGE = YES_ERROR;
				CLANG_WARN_EMPTY_BODY = YES;
				CLANG_WARN_ENUM_CONVERSION = YES;
				CLANG_WARN_INT_CONVERSION = YES;
				CLANG_WARN_OBJC_ROOT_CLASS = YES_ERROR;
				CLANG_WARN_UNREACHABLE_CODE = YES;
				CLANG_WARN__DUPLICATE_METHOD_MATCH = YES;
				"CODE_SIGN_IDENTITY[sdk=iphoneos*]" = "iPhone Developer";
				COPY_PHASE_STRIP = NO;
				ENABLE_STRICT_OBJC_MSGSEND = YES;
				GCC_C_LANGUAGE_STANDARD = gnu99;
				GCC_DYNAMIC_NO_PIC = NO;
				GCC_OPTIMIZATION_LEVEL = 0;
				GCC_PREPROCESSOR_DEFINITIONS = (
					"DEBUG=1",
					"$(inherited)",
				);
				GCC_SYMBOLS_PRIVATE_EXTERN = NO;
				GCC_WARN_64_TO_32_BIT_CONVERSION = YES;
				GCC_WARN_ABOUT_RETURN_TYPE = YES_ERROR;
				GCC_WARN_UNDECLARED_SELECTOR = YES;
				GCC_WARN_UNINITIALIZED_AUTOS = YES_AGGRESSIVE;
				GCC_WARN_UNUSED_FUNCTION = YES;
				GCC_WARN_UNUSED_VARIABLE = YES;
				IPHONEOS_DEPLOYMENT_TARGET = 8.1;
				MTL_ENABLE_DEBUG_INFO = YES;
				ONLY_ACTIVE_ARCH = YES;
				SDKROOT = iphoneos;
				SWIFT_OPTIMIZATION_LEVEL = "-Onone";
				TARGETED_DEVICE_FAMILY = "1,2";
			};
			name = Debug;
		};
		63F2338D1A0CAB9200DD5450 /* Release */ = {
			isa = XCBuildConfiguration;
			buildSettings = {
				ALWAYS_SEARCH_USER_PATHS = NO;
				CLANG_CXX_LANGUAGE_STANDARD = "gnu++0x";
				CLANG_CXX_LIBRARY = "libc++";
				CLANG_ENABLE_MODULES = YES;
				CLANG_ENABLE_OBJC_ARC = YES;
				CLANG_WARN_BOOL_CONVERSION = YES;
				CLANG_WARN_CONSTANT_CONVERSION = YES;
				CLANG_WARN_DIRECT_OBJC_ISA_USAGE = YES_ERROR;
				CLANG_WARN_EMPTY_BODY = YES;
				CLANG_WARN_ENUM_CONVERSION = YES;
				CLANG_WARN_INT_CONVERSION = YES;
				CLANG_WARN_OBJC_ROOT_CLASS = YES_ERROR;
				CLANG_WARN_UNREACHABLE_CODE = YES;
				CLANG_WARN__DUPLICATE_METHOD_MATCH = YES;
				"CODE_SIGN_IDENTITY[sdk=iphoneos*]" = "iPhone Developer";
				COPY_PHASE_STRIP = YES;
				ENABLE_NS_ASSERTIONS = NO;
				ENABLE_STRICT_OBJC_MSGSEND = YES;
				GCC_C_LANGUAGE_STANDARD = gnu99;
				GCC_WARN_64_TO_32_BIT_CONVERSION = YES;
				GCC_WARN_ABOUT_RETURN_TYPE = YES_ERROR;
				GCC_WARN_UNDECLARED_SELECTOR = YES;
				GCC_WARN_UNINITIALIZED_AUTOS = YES_AGGRESSIVE;
				GCC_WARN_UNUSED_FUNCTION = YES;
				GCC_WARN_UNUSED_VARIABLE = YES;
				IPHONEOS_DEPLOYMENT_TARGET = 8.1;
				MTL_ENABLE_DEBUG_INFO = NO;
				SDKROOT = iphoneos;
				TARGETED_DEVICE_FAMILY = "1,2";
				VALIDATE_PRODUCT = YES;
			};
			name = Release;
		};
		63F2338F1A0CAB9200DD5450 /* Debug */ = {
			isa = XCBuildConfiguration;
			buildSettings = {
				ASSETCATALOG_COMPILER_APPICON_NAME = AppIcon;
				CLANG_ENABLE_MODULES = YES;
				INFOPLIST_FILE = "Alien Runner/Info.plist";
				LD_RUNPATH_SEARCH_PATHS = "$(inherited) @executable_path/Frameworks";
				PRODUCT_NAME = "$(TARGET_NAME)";
				SWIFT_OBJC_BRIDGING_HEADER = "Alien Runner/Alien Runner-Bridging-Header.h";
				SWIFT_OPTIMIZATION_LEVEL = "-Onone";
				TARGETED_DEVICE_FAMILY = 1;
			};
			name = Debug;
		};
		63F233901A0CAB9200DD5450 /* Release */ = {
			isa = XCBuildConfiguration;
			buildSettings = {
				ASSETCATALOG_COMPILER_APPICON_NAME = AppIcon;
				CLANG_ENABLE_MODULES = YES;
				INFOPLIST_FILE = "Alien Runner/Info.plist";
				LD_RUNPATH_SEARCH_PATHS = "$(inherited) @executable_path/Frameworks";
				PRODUCT_NAME = "$(TARGET_NAME)";
				SWIFT_OBJC_BRIDGING_HEADER = "Alien Runner/Alien Runner-Bridging-Header.h";
				TARGETED_DEVICE_FAMILY = 1;
			};
			name = Release;
		};
		63F233921A0CAB9200DD5450 /* Debug */ = {
			isa = XCBuildConfiguration;
			buildSettings = {
				BUNDLE_LOADER = "$(TEST_HOST)";
				FRAMEWORK_SEARCH_PATHS = (
					"$(SDKROOT)/Developer/Library/Frameworks",
					"$(inherited)",
				);
				GCC_PREPROCESSOR_DEFINITIONS = (
					"DEBUG=1",
					"$(inherited)",
				);
				INFOPLIST_FILE = "Alien RunnerTests/Info.plist";
				LD_RUNPATH_SEARCH_PATHS = "$(inherited) @executable_path/Frameworks @loader_path/Frameworks";
				PRODUCT_NAME = "$(TARGET_NAME)";
				TEST_HOST = "$(BUILT_PRODUCTS_DIR)/Alien Runner.app/Alien Runner";
			};
			name = Debug;
		};
		63F233931A0CAB9200DD5450 /* Release */ = {
			isa = XCBuildConfiguration;
			buildSettings = {
				BUNDLE_LOADER = "$(TEST_HOST)";
				FRAMEWORK_SEARCH_PATHS = (
					"$(SDKROOT)/Developer/Library/Frameworks",
					"$(inherited)",
				);
				INFOPLIST_FILE = "Alien RunnerTests/Info.plist";
				LD_RUNPATH_SEARCH_PATHS = "$(inherited) @executable_path/Frameworks @loader_path/Frameworks";
				PRODUCT_NAME = "$(TARGET_NAME)";
				TEST_HOST = "$(BUILT_PRODUCTS_DIR)/Alien Runner.app/Alien Runner";
			};
			name = Release;
		};
/* End XCBuildConfiguration section */

/* Begin XCConfigurationList section */
		63F233661A0CAB9200DD5450 /* Build configuration list for PBXProject "Alien Runner" */ = {
			isa = XCConfigurationList;
			buildConfigurations = (
				63F2338C1A0CAB9200DD5450 /* Debug */,
				63F2338D1A0CAB9200DD5450 /* Release */,
			);
			defaultConfigurationIsVisible = 0;
			defaultConfigurationName = Release;
		};
		63F2338E1A0CAB9200DD5450 /* Build configuration list for PBXNativeTarget "Alien Runner" */ = {
			isa = XCConfigurationList;
			buildConfigurations = (
				63F2338F1A0CAB9200DD5450 /* Debug */,
				63F233901A0CAB9200DD5450 /* Release */,
			);
			defaultConfigurationIsVisible = 0;
		};
		63F233911A0CAB9200DD5450 /* Build configuration list for PBXNativeTarget "Alien RunnerTests" */ = {
			isa = XCConfigurationList;
			buildConfigurations = (
				63F233921A0CAB9200DD5450 /* Debug */,
				63F233931A0CAB9200DD5450 /* Release */,
			);
			defaultConfigurationIsVisible = 0;
		};
/* End XCConfigurationList section */
	};
	rootObject = 63F233631A0CAB9200DD5450 /* Project object */;
}
